<Solution>
  <Folder Name="/Task0/">
    <Project Path="Tyuiu.YampolskyMO.Sprint1.Task0.V17.Lib/Tyuiu.YampolskyMO.Sprint1.Task0.V17.Lib.csproj" />
    <Project Path="Tyuiu.YampolskyMO.Sprint1.Task0.V17.Test/Tyuiu.YampolskyMO.Sprint1.Task0.V17.Test.csproj" />
    <Project Path="Tyuiu.YampolskyMO.Sprint1.Task0.V17/Tyuiu.YampolskyMO.Sprint1.Task0.V17.csproj" />
  </Folder>
  <Folder Name="/Task1/">
    <Project Path="Tyuiu.YampolskyMO.Sprint1.Task1.V18.Lib/Tyuiu.YampolskyMO.Sprint1.Task1.V18.Lib.csproj" Id="7c2c48fe-032a-4e91-a4d0-df7b1cb5010f" />
    <Project Path="Tyuiu.YampolskyMO.Sprint1.Task1.V18.Test/Tyuiu.YampolskyMO.Sprint1.Task1.V18.Test.csproj" Id="eeff5a9b-4599-4661-bc5a-87fd36481414" />
    <Project Path="Tyuiu.YampolskyMO.Sprint1.Task1.V18/Tyuiu.YampolskyMO.Sprint1.Task1.V18.csproj" Id="879890c8-0b75-416b-b537-079e8981bd8c" />
  </Folder>
  <Folder Name="/Task2/">
    <Project Path="Tyuiu.YampolskyMO.Sprint1.Task2.V29.Test/Tyuiu.YampolskyMO.Sprint1.Task2.V29.Test.csproj" Id="e7d3e96c-df20-4ea6-b1d3-595060968d1a" />
    <Project Path="Tyuiu.YampolskyMO.Sprint1.Task2.V29.Lib/Tyuiu.YampolskyMO.Sprint1.Task2.V29.Lib.csproj" Id="7ef291d0-26fb-4fb3-b7a3-7819524bf4c6" />
    <Project Path="Tyuiu.YampolskyMO.Sprint1.Task2.V29/Tyuiu.YampolskyMO.Sprint1.Task2.V29.csproj" Id="e2f0a5cc-1a8e-43ae-8482-f8f4de783d2e" />
  </Folder>
</Solution>
